
Microsoft Visual Studio Solution File, Format Version 12.00
# Visual Studio Version 17
VisualStudioVersion = 17.5.002.0
MinimumVisualStudioVersion = 10.0.40219.1
Project("{9A19103F-16F7-4668-BE54-9A1E7A4F7556}") = "final-project-final-project-group-9", "final-project-final-project-group-9.csproj", "{27A86B95-9A27-4933-A0F7-819A9C4EA6D4}"
EndProject
Global
	GlobalSection(SolutionConfigurationPlatforms) = preSolution
		Debug|Any CPU = Debug|Any CPU
		Release|Any CPU = Release|Any CPU
	EndGlobalSection
	GlobalSection(ProjectConfigurationPlatforms) = postSolution
		{27A86B95-9A27-4933-A0F7-819A9C4EA6D4}.Debug|Any CPU.ActiveCfg = Debug|Any CPU
		{27A86B95-9A27-4933-A0F7-819A9C4EA6D4}.Debug|Any CPU.Build.0 = Debug|Any CPU
		{27A86B95-9A27-4933-A0F7-819A9C4EA6D4}.Release|Any CPU.ActiveCfg = Release|Any CPU
		{27A86B95-9A27-4933-A0F7-819A9C4EA6D4}.Release|Any CPU.Build.0 = Release|Any CPU
	EndGlobalSection
	GlobalSection(SolutionProperties) = preSolution
		HideSolutionNode = FALSE
	EndGlobalSection
	GlobalSection(ExtensibilityGlobals) = postSolution
		SolutionGuid = {997200D8-39AE-4BB0-A78E-E73A6FB46812}
	EndGlobalSection
EndGlobal
